// !$*UTF8*$!
{
	archiveVersion = 1;
	classes = {
	};
	objectVersion = 55;
	objects = {

/* Begin PBXBuildFile section */
		42E9F962EA4A43A1E2BB5304 /* Pods_simple_iOS.framework in Frameworks */ = {isa = PBXBuildFile; fileRef = 0662CEC328B4427FA9D6E420 /* Pods_simple_iOS.framework */; };
		AAB7DBEE277049A300DA9C0B /* AppDelegate.swift in Sources */ = {isa = PBXBuildFile; fileRef = AAB7DBED277049A300DA9C0B /* AppDelegate.swift */; };
		AAB7DBF0277049A300DA9C0B /* SceneDelegate.swift in Sources */ = {isa = PBXBuildFile; fileRef = AAB7DBEF277049A300DA9C0B /* SceneDelegate.swift */; };
		AAB7DBF2277049A300DA9C0B /* ViewController.swift in Sources */ = {isa = PBXBuildFile; fileRef = AAB7DBF1277049A300DA9C0B /* ViewController.swift */; };
		AAB7DBF5277049A300DA9C0B /* Main.storyboard in Resources */ = {isa = PBXBuildFile; fileRef = AAB7DBF3277049A300DA9C0B /* Main.storyboard */; };
		AAB7DBF7277049A800DA9C0B /* Assets.xcassets in Resources */ = {isa = PBXBuildFile; fileRef = AAB7DBF6277049A800DA9C0B /* Assets.xcassets */; };
		AAB7DBFA277049A800DA9C0B /* LaunchScreen.storyboard in Resources */ = {isa = PBXBuildFile; fileRef = AAB7DBF8277049A800DA9C0B /* LaunchScreen.storyboard */; };
		AAB7DC05277049A800DA9C0B /* simple_iOSTests.swift in Sources */ = {isa = PBXBuildFile; fileRef = AAB7DC04277049A800DA9C0B /* simple_iOSTests.swift */; };
		AAB7DC2227704D6C00DA9C0B /* TableViewCell.swift in Sources */ = {isa = PBXBuildFile; fileRef = AAB7DC2027704D6C00DA9C0B /* TableViewCell.swift */; };
		AAB7DC2327704D6C00DA9C0B /* TableViewCell.xib in Resources */ = {isa = PBXBuildFile; fileRef = AAB7DC2127704D6C00DA9C0B /* TableViewCell.xib */; };
		AAB7DC262770516800DA9C0B /* ViewControllerTests.swift in Sources */ = {isa = PBXBuildFile; fileRef = AAB7DC252770516800DA9C0B /* ViewControllerTests.swift */; };
		AAB7DC4827705A2500DA9C0B /* HomeRepository.swift in Sources */ = {isa = PBXBuildFile; fileRef = AAB7DC3027705A2500DA9C0B /* HomeRepository.swift */; };
		AAB7DC4C27705A2500DA9C0B /* HomeResponse.swift in Sources */ = {isa = PBXBuildFile; fileRef = AAB7DC3927705A2500DA9C0B /* HomeResponse.swift */; };
		AAB7DC5027705A2500DA9C0B /* HomeService.swift in Sources */ = {isa = PBXBuildFile; fileRef = AAB7DC4227705A2500DA9C0B /* HomeService.swift */; };
		AAB7DC5127705A2500DA9C0B /* NetworkHelper.swift in Sources */ = {isa = PBXBuildFile; fileRef = AAB7DC4427705A2500DA9C0B /* NetworkHelper.swift */; };
		AAB7DC7527705AA500DA9C0B /* SpyURLSession.swift in Sources */ = {isa = PBXBuildFile; fileRef = AAB7DC5427705AA500DA9C0B /* SpyURLSession.swift */; };
		AAB7DC7D27705AA500DA9C0B /* MockNetworkHome.swift in Sources */ = {isa = PBXBuildFile; fileRef = AAB7DC6627705AA500DA9C0B /* MockNetworkHome.swift */; };
		AAB7DC7E27705AA500DA9C0B /* NetworkHelperTests.swift in Sources */ = {isa = PBXBuildFile; fileRef = AAB7DC6827705AA500DA9C0B /* NetworkHelperTests.swift */; };
		AAB7DC8427705AA500DA9C0B /* LoginServiceTests.swift in Sources */ = {isa = PBXBuildFile; fileRef = AAB7DC7427705AA500DA9C0B /* LoginServiceTests.swift */; };
		AAB7DC872770652A00DA9C0B /* GetDataUseCase.swift in Sources */ = {isa = PBXBuildFile; fileRef = AAB7DC862770652A00DA9C0B /* GetDataUseCase.swift */; };
		AAB7DC8927707C2B00DA9C0B /* DataViewModel.swift in Sources */ = {isa = PBXBuildFile; fileRef = AAB7DC8827707C2B00DA9C0B /* DataViewModel.swift */; };
		AAB7DC8C277080EC00DA9C0B /* String+Extension.swift in Sources */ = {isa = PBXBuildFile; fileRef = AAB7DC8B277080EC00DA9C0B /* String+Extension.swift */; };
		E80BC73303F72066BCECF1C8 /* Pods_simple_iOSTests.framework in Frameworks */ = {isa = PBXBuildFile; fileRef = 0B927E5BEF77C8E45D03C279 /* Pods_simple_iOSTests.framework */; };
/* End PBXBuildFile section */

/* Begin PBXContainerItemProxy section */
		AAB7DC01277049A800DA9C0B /* PBXContainerItemProxy */ = {
			isa = PBXContainerItemProxy;
			containerPortal = AAB7DBE2277049A300DA9C0B /* Project object */;
			proxyType = 1;
			remoteGlobalIDString = AAB7DBE9277049A300DA9C0B;
			remoteInfo = "simple-iOS";
		};
/* End PBXContainerItemProxy section */

/* Begin PBXFileReference section */
		053497976BFB6B79C848A47D /* Pods-simple-iOS.debug.xcconfig */ = {isa = PBXFileReference; includeInIndex = 1; lastKnownFileType = text.xcconfig; name = "Pods-simple-iOS.debug.xcconfig"; path = "Target Support Files/Pods-simple-iOS/Pods-simple-iOS.debug.xcconfig"; sourceTree = "<group>"; };
		0662CEC328B4427FA9D6E420 /* Pods_simple_iOS.framework */ = {isa = PBXFileReference; explicitFileType = wrapper.framework; includeInIndex = 0; path = Pods_simple_iOS.framework; sourceTree = BUILT_PRODUCTS_DIR; };
		0B927E5BEF77C8E45D03C279 /* Pods_simple_iOSTests.framework */ = {isa = PBXFileReference; explicitFileType = wrapper.framework; includeInIndex = 0; path = Pods_simple_iOSTests.framework; sourceTree = BUILT_PRODUCTS_DIR; };
		0E170248745CB77B97B0E888 /* Pods-simple-iOS.release.xcconfig */ = {isa = PBXFileReference; includeInIndex = 1; lastKnownFileType = text.xcconfig; name = "Pods-simple-iOS.release.xcconfig"; path = "Target Support Files/Pods-simple-iOS/Pods-simple-iOS.release.xcconfig"; sourceTree = "<group>"; };
		1EA21B57E5784DCDF344FFEB /* Pods-simple-iOSTests.release.xcconfig */ = {isa = PBXFileReference; includeInIndex = 1; lastKnownFileType = text.xcconfig; name = "Pods-simple-iOSTests.release.xcconfig"; path = "Target Support Files/Pods-simple-iOSTests/Pods-simple-iOSTests.release.xcconfig"; sourceTree = "<group>"; };
		84026C88D01B96073B0A6810 /* Pods-simple-iOSTests.debug.xcconfig */ = {isa = PBXFileReference; includeInIndex = 1; lastKnownFileType = text.xcconfig; name = "Pods-simple-iOSTests.debug.xcconfig"; path = "Target Support Files/Pods-simple-iOSTests/Pods-simple-iOSTests.debug.xcconfig"; sourceTree = "<group>"; };
		AAB7DBEA277049A300DA9C0B /* simple-iOS.app */ = {isa = PBXFileReference; explicitFileType = wrapper.application; includeInIndex = 0; path = "simple-iOS.app"; sourceTree = BUILT_PRODUCTS_DIR; };
		AAB7DBED277049A300DA9C0B /* AppDelegate.swift */ = {isa = PBXFileReference; lastKnownFileType = sourcecode.swift; path = AppDelegate.swift; sourceTree = "<group>"; };
		AAB7DBEF277049A300DA9C0B /* SceneDelegate.swift */ = {isa = PBXFileReference; lastKnownFileType = sourcecode.swift; path = SceneDelegate.swift; sourceTree = "<group>"; };
		AAB7DBF1277049A300DA9C0B /* ViewController.swift */ = {isa = PBXFileReference; lastKnownFileType = sourcecode.swift; path = ViewController.swift; sourceTree = "<group>"; };
		AAB7DBF4277049A300DA9C0B /* Base */ = {isa = PBXFileReference; lastKnownFileType = file.storyboard; name = Base; path = Base.lproj/Main.storyboard; sourceTree = "<group>"; };
		AAB7DBF6277049A800DA9C0B /* Assets.xcassets */ = {isa = PBXFileReference; lastKnownFileType = folder.assetcatalog; path = Assets.xcassets; sourceTree = "<group>"; };
		AAB7DBF9277049A800DA9C0B /* Base */ = {isa = PBXFileReference; lastKnownFileType = file.storyboard; name = Base; path = Base.lproj/LaunchScreen.storyboard; sourceTree = "<group>"; };
		AAB7DBFB277049A800DA9C0B /* Info.plist */ = {isa = PBXFileReference; lastKnownFileType = text.plist.xml; path = Info.plist; sourceTree = "<group>"; };
		AAB7DC00277049A800DA9C0B /* simple-iOSTests.xctest */ = {isa = PBXFileReference; explicitFileType = wrapper.cfbundle; includeInIndex = 0; path = "simple-iOSTests.xctest"; sourceTree = BUILT_PRODUCTS_DIR; };
		AAB7DC04277049A800DA9C0B /* simple_iOSTests.swift */ = {isa = PBXFileReference; lastKnownFileType = sourcecode.swift; path = simple_iOSTests.swift; sourceTree = "<group>"; };
		AAB7DC2027704D6C00DA9C0B /* TableViewCell.swift */ = {isa = PBXFileReference; lastKnownFileType = sourcecode.swift; path = TableViewCell.swift; sourceTree = "<group>"; };
		AAB7DC2127704D6C00DA9C0B /* TableViewCell.xib */ = {isa = PBXFileReference; lastKnownFileType = file.xib; path = TableViewCell.xib; sourceTree = "<group>"; };
		AAB7DC252770516800DA9C0B /* ViewControllerTests.swift */ = {isa = PBXFileReference; lastKnownFileType = sourcecode.swift; path = ViewControllerTests.swift; sourceTree = "<group>"; };
		AAB7DC3027705A2500DA9C0B /* HomeRepository.swift */ = {isa = PBXFileReference; fileEncoding = 4; lastKnownFileType = sourcecode.swift; path = HomeRepository.swift; sourceTree = "<group>"; };
		AAB7DC3927705A2500DA9C0B /* HomeResponse.swift */ = {isa = PBXFileReference; fileEncoding = 4; lastKnownFileType = sourcecode.swift; path = HomeResponse.swift; sourceTree = "<group>"; };
		AAB7DC4227705A2500DA9C0B /* HomeService.swift */ = {isa = PBXFileReference; fileEncoding = 4; lastKnownFileType = sourcecode.swift; path = HomeService.swift; sourceTree = "<group>"; };
		AAB7DC4427705A2500DA9C0B /* NetworkHelper.swift */ = {isa = PBXFileReference; fileEncoding = 4; lastKnownFileType = sourcecode.swift; path = NetworkHelper.swift; sourceTree = "<group>"; };
		AAB7DC5427705AA500DA9C0B /* SpyURLSession.swift */ = {isa = PBXFileReference; fileEncoding = 4; lastKnownFileType = sourcecode.swift; path = SpyURLSession.swift; sourceTree = "<group>"; };
		AAB7DC6627705AA500DA9C0B /* MockNetworkHome.swift */ = {isa = PBXFileReference; fileEncoding = 4; lastKnownFileType = sourcecode.swift; path = MockNetworkHome.swift; sourceTree = "<group>"; };
		AAB7DC6827705AA500DA9C0B /* NetworkHelperTests.swift */ = {isa = PBXFileReference; fileEncoding = 4; lastKnownFileType = sourcecode.swift; path = NetworkHelperTests.swift; sourceTree = "<group>"; };
		AAB7DC7427705AA500DA9C0B /* LoginServiceTests.swift */ = {isa = PBXFileReference; fileEncoding = 4; lastKnownFileType = sourcecode.swift; path = LoginServiceTests.swift; sourceTree = "<group>"; };
		AAB7DC862770652A00DA9C0B /* GetDataUseCase.swift */ = {isa = PBXFileReference; lastKnownFileType = sourcecode.swift; path = GetDataUseCase.swift; sourceTree = "<group>"; };
		AAB7DC8827707C2B00DA9C0B /* DataViewModel.swift */ = {isa = PBXFileReference; lastKnownFileType = sourcecode.swift; path = DataViewModel.swift; sourceTree = "<group>"; };
		AAB7DC8B277080EC00DA9C0B /* String+Extension.swift */ = {isa = PBXFileReference; lastKnownFileType = sourcecode.swift; path = "String+Extension.swift"; sourceTree = "<group>"; };
/* End PBXFileReference section */

/* Begin PBXFrameworksBuildPhase section */
		AAB7DBE7277049A300DA9C0B /* Frameworks */ = {
			isa = PBXFrameworksBuildPhase;
			buildActionMask = 2147483647;
			files = (
				42E9F962EA4A43A1E2BB5304 /* Pods_simple_iOS.framework in Frameworks */,
			);
			runOnlyForDeploymentPostprocessing = 0;
		};
		AAB7DBFD277049A800DA9C0B /* Frameworks */ = {
			isa = PBXFrameworksBuildPhase;
			buildActionMask = 2147483647;
			files = (
				E80BC73303F72066BCECF1C8 /* Pods_simple_iOSTests.framework in Frameworks */,
			);
			runOnlyForDeploymentPostprocessing = 0;
		};
/* End PBXFrameworksBuildPhase section */

/* Begin PBXGroup section */
		5B34B3869697D5EA9158BA1E /* Frameworks */ = {
			isa = PBXGroup;
			children = (
				0662CEC328B4427FA9D6E420 /* Pods_simple_iOS.framework */,
				0B927E5BEF77C8E45D03C279 /* Pods_simple_iOSTests.framework */,
			);
			name = Frameworks;
			sourceTree = "<group>";
		};
		AAB7DBE1277049A300DA9C0B = {
			isa = PBXGroup;
			children = (
				AAB7DBEC277049A300DA9C0B /* simple-iOS */,
				AAB7DC03277049A800DA9C0B /* simple-iOSTests */,
				AAB7DBEB277049A300DA9C0B /* Products */,
				E7B385B58ED6B349592EF0B0 /* Pods */,
				5B34B3869697D5EA9158BA1E /* Frameworks */,
			);
			sourceTree = "<group>";
		};
		AAB7DBEB277049A300DA9C0B /* Products */ = {
			isa = PBXGroup;
			children = (
				AAB7DBEA277049A300DA9C0B /* simple-iOS.app */,
				AAB7DC00277049A800DA9C0B /* simple-iOSTests.xctest */,
			);
			name = Products;
			sourceTree = "<group>";
		};
		AAB7DBEC277049A300DA9C0B /* simple-iOS */ = {
			isa = PBXGroup;
			children = (
				AAB7DC8A277080DD00DA9C0B /* Utils */,
				AAB7DC2727705A2500DA9C0B /* Domain */,
				AAB7DC852770651200DA9C0B /* Usecase */,
				AAB7DC1E27704D4100DA9C0B /* Presentation */,
				AAB7DC1D27704A0300DA9C0B /* Info */,
			);
			path = "simple-iOS";
			sourceTree = "<group>";
		};
		AAB7DC03277049A800DA9C0B /* simple-iOSTests */ = {
			isa = PBXGroup;
			children = (
				AAB7DC5227705AA500DA9C0B /* Infra */,
				AAB7DC242770514C00DA9C0B /* Main */,
				AAB7DC04277049A800DA9C0B /* simple_iOSTests.swift */,
			);
			path = "simple-iOSTests";
			sourceTree = "<group>";
		};
		AAB7DC1D27704A0300DA9C0B /* Info */ = {
			isa = PBXGroup;
			children = (
				AAB7DBF8277049A800DA9C0B /* LaunchScreen.storyboard */,
				AAB7DBED277049A300DA9C0B /* AppDelegate.swift */,
				AAB7DBEF277049A300DA9C0B /* SceneDelegate.swift */,
				AAB7DBF6277049A800DA9C0B /* Assets.xcassets */,
				AAB7DBFB277049A800DA9C0B /* Info.plist */,
			);
			path = Info;
			sourceTree = "<group>";
		};
		AAB7DC1E27704D4100DA9C0B /* Presentation */ = {
			isa = PBXGroup;
			children = (
				AAB7DC1F27704D5200DA9C0B /* Cell */,
				AAB7DBF1277049A300DA9C0B /* ViewController.swift */,
				AAB7DBF3277049A300DA9C0B /* Main.storyboard */,
			);
			path = Presentation;
			sourceTree = "<group>";
		};
		AAB7DC1F27704D5200DA9C0B /* Cell */ = {
			isa = PBXGroup;
			children = (
				AAB7DC2027704D6C00DA9C0B /* TableViewCell.swift */,
				AAB7DC2127704D6C00DA9C0B /* TableViewCell.xib */,
			);
			path = Cell;
			sourceTree = "<group>";
		};
		AAB7DC242770514C00DA9C0B /* Main */ = {
			isa = PBXGroup;
			children = (
				AAB7DC252770516800DA9C0B /* ViewControllerTests.swift */,
			);
			path = Main;
			sourceTree = "<group>";
		};
		AAB7DC2727705A2500DA9C0B /* Domain */ = {
			isa = PBXGroup;
			children = (
				AAB7DC2827705A2500DA9C0B /* Repository */,
				AAB7DC3127705A2500DA9C0B /* Data */,
				AAB7DC3A27705A2500DA9C0B /* Service */,
				AAB7DC4327705A2500DA9C0B /* NetworkHelper */,
			);
			path = Domain;
			sourceTree = "<group>";
		};
		AAB7DC2827705A2500DA9C0B /* Repository */ = {
			isa = PBXGroup;
			children = (
				AAB7DC2F27705A2500DA9C0B /* Home */,
			);
			path = Repository;
			sourceTree = "<group>";
		};
		AAB7DC2F27705A2500DA9C0B /* Home */ = {
			isa = PBXGroup;
			children = (
				AAB7DC3027705A2500DA9C0B /* HomeRepository.swift */,
			);
			path = Home;
			sourceTree = "<group>";
		};
		AAB7DC3127705A2500DA9C0B /* Data */ = {
			isa = PBXGroup;
			children = (
				AAB7DC3827705A2500DA9C0B /* Home */,
			);
			path = Data;
			sourceTree = "<group>";
		};
		AAB7DC3827705A2500DA9C0B /* Home */ = {
			isa = PBXGroup;
			children = (
				AAB7DC3927705A2500DA9C0B /* HomeResponse.swift */,
			);
			path = Home;
			sourceTree = "<group>";
		};
		AAB7DC3A27705A2500DA9C0B /* Service */ = {
			isa = PBXGroup;
			children = (
				AAB7DC4127705A2500DA9C0B /* Home */,
			);
			path = Service;
			sourceTree = "<group>";
		};
		AAB7DC4127705A2500DA9C0B /* Home */ = {
			isa = PBXGroup;
			children = (
				AAB7DC4227705A2500DA9C0B /* HomeService.swift */,
			);
			path = Home;
			sourceTree = "<group>";
		};
		AAB7DC4327705A2500DA9C0B /* NetworkHelper */ = {
			isa = PBXGroup;
			children = (
				AAB7DC4427705A2500DA9C0B /* NetworkHelper.swift */,
			);
			path = NetworkHelper;
			sourceTree = "<group>";
		};
		AAB7DC5227705AA500DA9C0B /* Infra */ = {
			isa = PBXGroup;
			children = (
				AAB7DC5327705AA500DA9C0B /* Spy */,
				AAB7DC5E27705AA500DA9C0B /* Mock */,
				AAB7DC6727705AA500DA9C0B /* Network */,
				AAB7DC6C27705AA500DA9C0B /* Service */,
			);
			path = Infra;
			sourceTree = "<group>";
		};
		AAB7DC5327705AA500DA9C0B /* Spy */ = {
			isa = PBXGroup;
			children = (
				AAB7DC5427705AA500DA9C0B /* SpyURLSession.swift */,
			);
			path = Spy;
			sourceTree = "<group>";
		};
		AAB7DC5E27705AA500DA9C0B /* Mock */ = {
			isa = PBXGroup;
			children = (
				AAB7DC6527705AA500DA9C0B /* Home */,
			);
			path = Mock;
			sourceTree = "<group>";
		};
		AAB7DC6527705AA500DA9C0B /* Home */ = {
			isa = PBXGroup;
			children = (
				AAB7DC6627705AA500DA9C0B /* MockNetworkHome.swift */,
			);
			path = Home;
			sourceTree = "<group>";
		};
		AAB7DC6727705AA500DA9C0B /* Network */ = {
			isa = PBXGroup;
			children = (
				AAB7DC6827705AA500DA9C0B /* NetworkHelperTests.swift */,
			);
			path = Network;
			sourceTree = "<group>";
		};
		AAB7DC6C27705AA500DA9C0B /* Service */ = {
			isa = PBXGroup;
			children = (
				AAB7DC7327705AA500DA9C0B /* Home */,
			);
			path = Service;
			sourceTree = "<group>";
		};
		AAB7DC7327705AA500DA9C0B /* Home */ = {
			isa = PBXGroup;
			children = (
				AAB7DC7427705AA500DA9C0B /* LoginServiceTests.swift */,
			);
			path = Home;
			sourceTree = "<group>";
		};
		AAB7DC852770651200DA9C0B /* Usecase */ = {
			isa = PBXGroup;
			children = (
				AAB7DC862770652A00DA9C0B /* GetDataUseCase.swift */,
				AAB7DC8827707C2B00DA9C0B /* DataViewModel.swift */,
			);
			path = Usecase;
			sourceTree = "<group>";
		};
		AAB7DC8A277080DD00DA9C0B /* Utils */ = {
			isa = PBXGroup;
			children = (
				AAB7DC8B277080EC00DA9C0B /* String+Extension.swift */,
			);
			path = Utils;
			sourceTree = "<group>";
		};
		E7B385B58ED6B349592EF0B0 /* Pods */ = {
			isa = PBXGroup;
			children = (
				053497976BFB6B79C848A47D /* Pods-simple-iOS.debug.xcconfig */,
				0E170248745CB77B97B0E888 /* Pods-simple-iOS.release.xcconfig */,
				84026C88D01B96073B0A6810 /* Pods-simple-iOSTests.debug.xcconfig */,
				1EA21B57E5784DCDF344FFEB /* Pods-simple-iOSTests.release.xcconfig */,
			);
			path = Pods;
			sourceTree = "<group>";
		};
/* End PBXGroup section */

/* Begin PBXNativeTarget section */
		AAB7DBE9277049A300DA9C0B /* simple-iOS */ = {
			isa = PBXNativeTarget;
			buildConfigurationList = AAB7DC14277049A800DA9C0B /* Build configuration list for PBXNativeTarget "simple-iOS" */;
			buildPhases = (
				7B1F6253EB5BB99443B685CB /* [CP] Check Pods Manifest.lock */,
				AAB7DBE6277049A300DA9C0B /* Sources */,
				AAB7DBE7277049A300DA9C0B /* Frameworks */,
				AAB7DBE8277049A300DA9C0B /* Resources */,
				B3390105D0E4B1527320F93E /* [CP] Embed Pods Frameworks */,
			);
			buildRules = (
			);
			dependencies = (
			);
			name = "simple-iOS";
			productName = "simple-iOS";
			productReference = AAB7DBEA277049A300DA9C0B /* simple-iOS.app */;
			productType = "com.apple.product-type.application";
		};
		AAB7DBFF277049A800DA9C0B /* simple-iOSTests */ = {
			isa = PBXNativeTarget;
			buildConfigurationList = AAB7DC17277049A800DA9C0B /* Build configuration list for PBXNativeTarget "simple-iOSTests" */;
			buildPhases = (
				FB6AFBDFA1EB227BA8526F1B /* [CP] Check Pods Manifest.lock */,
				AAB7DBFC277049A800DA9C0B /* Sources */,
				AAB7DBFD277049A800DA9C0B /* Frameworks */,
				AAB7DBFE277049A800DA9C0B /* Resources */,
			);
			buildRules = (
			);
			dependencies = (
				AAB7DC02277049A800DA9C0B /* PBXTargetDependency */,
			);
			name = "simple-iOSTests";
			productName = "simple-iOSTests";
			productReference = AAB7DC00277049A800DA9C0B /* simple-iOSTests.xctest */;
			productType = "com.apple.product-type.bundle.unit-test";
		};
/* End PBXNativeTarget section */

/* Begin PBXProject section */
		AAB7DBE2277049A300DA9C0B /* Project object */ = {
			isa = PBXProject;
			attributes = {
				BuildIndependentTargetsInParallel = 1;
				LastSwiftUpdateCheck = 1310;
				LastUpgradeCheck = 1310;
				TargetAttributes = {
					AAB7DBE9277049A300DA9C0B = {
						CreatedOnToolsVersion = 13.1;
					};
					AAB7DBFF277049A800DA9C0B = {
						CreatedOnToolsVersion = 13.1;
						TestTargetID = AAB7DBE9277049A300DA9C0B;
					};
				};
			};
			buildConfigurationList = AAB7DBE5277049A300DA9C0B /* Build configuration list for PBXProject "simple-iOS" */;
			compatibilityVersion = "Xcode 13.0";
			developmentRegion = en;
			hasScannedForEncodings = 0;
			knownRegions = (
				en,
				Base,
			);
			mainGroup = AAB7DBE1277049A300DA9C0B;
			productRefGroup = AAB7DBEB277049A300DA9C0B /* Products */;
			projectDirPath = "";
			projectRoot = "";
			targets = (
				AAB7DBE9277049A300DA9C0B /* simple-iOS */,
				AAB7DBFF277049A800DA9C0B /* simple-iOSTests */,
			);
		};
/* End PBXProject section */

/* Begin PBXResourcesBuildPhase section */
		AAB7DBE8277049A300DA9C0B /* Resources */ = {
			isa = PBXResourcesBuildPhase;
			buildActionMask = 2147483647;
			files = (
				AAB7DBFA277049A800DA9C0B /* LaunchScreen.storyboard in Resources */,
				AAB7DC2327704D6C00DA9C0B /* TableViewCell.xib in Resources */,
				AAB7DBF7277049A800DA9C0B /* Assets.xcassets in Resources */,
				AAB7DBF5277049A300DA9C0B /* Main.storyboard in Resources */,
			);
			runOnlyForDeploymentPostprocessing = 0;
		};
		AAB7DBFE277049A800DA9C0B /* Resources */ = {
			isa = PBXResourcesBuildPhase;
			buildActionMask = 2147483647;
			files = (
			);
			runOnlyForDeploymentPostprocessing = 0;
		};
/* End PBXResourcesBuildPhase section */

/* Begin PBXShellScriptBuildPhase section */
		7B1F6253EB5BB99443B685CB /* [CP] Check Pods Manifest.lock */ = {
			isa = PBXShellScriptBuildPhase;
			buildActionMask = 2147483647;
			files = (
			);
			inputFileListPaths = (
			);
			inputPaths = (
				"${PODS_PODFILE_DIR_PATH}/Podfile.lock",
				"${PODS_ROOT}/Manifest.lock",
			);
			name = "[CP] Check Pods Manifest.lock";
			outputFileListPaths = (
			);
			outputPaths = (
				"$(DERIVED_FILE_DIR)/Pods-simple-iOS-checkManifestLockResult.txt",
			);
			runOnlyForDeploymentPostprocessing = 0;
			shellPath = /bin/sh;
			shellScript = "diff \"${PODS_PODFILE_DIR_PATH}/Podfile.lock\" \"${PODS_ROOT}/Manifest.lock\" > /dev/null\nif [ $? != 0 ] ; then\n    # print error to STDERR\n    echo \"error: The sandbox is not in sync with the Podfile.lock. Run 'pod install' or update your CocoaPods installation.\" >&2\n    exit 1\nfi\n# This output is used by Xcode 'outputs' to avoid re-running this script phase.\necho \"SUCCESS\" > \"${SCRIPT_OUTPUT_FILE_0}\"\n";
			showEnvVarsInLog = 0;
		};
		B3390105D0E4B1527320F93E /* [CP] Embed Pods Frameworks */ = {
			isa = PBXShellScriptBuildPhase;
			buildActionMask = 2147483647;
			files = (
			);
			inputFileListPaths = (
				"${PODS_ROOT}/Target Support Files/Pods-simple-iOS/Pods-simple-iOS-frameworks-${CONFIGURATION}-input-files.xcfilelist",
			);
			name = "[CP] Embed Pods Frameworks";
			outputFileListPaths = (
				"${PODS_ROOT}/Target Support Files/Pods-simple-iOS/Pods-simple-iOS-frameworks-${CONFIGURATION}-output-files.xcfilelist",
			);
			runOnlyForDeploymentPostprocessing = 0;
			shellPath = /bin/sh;
			shellScript = "\"${PODS_ROOT}/Target Support Files/Pods-simple-iOS/Pods-simple-iOS-frameworks.sh\"\n";
			showEnvVarsInLog = 0;
		};
		FB6AFBDFA1EB227BA8526F1B /* [CP] Check Pods Manifest.lock */ = {
			isa = PBXShellScriptBuildPhase;
			buildActionMask = 2147483647;
			files = (
			);
			inputFileListPaths = (
			);
			inputPaths = (
				"${PODS_PODFILE_DIR_PATH}/Podfile.lock",
				"${PODS_ROOT}/Manifest.lock",
			);
			name = "[CP] Check Pods Manifest.lock";
			outputFileListPaths = (
			);
			outputPaths = (
				"$(DERIVED_FILE_DIR)/Pods-simple-iOSTests-checkManifestLockResult.txt",
			);
			runOnlyForDeploymentPostprocessing = 0;
			shellPath = /bin/sh;
			shellScript = "diff \"${PODS_PODFILE_DIR_PATH}/Podfile.lock\" \"${PODS_ROOT}/Manifest.lock\" > /dev/null\nif [ $? != 0 ] ; then\n    # print error to STDERR\n    echo \"error: The sandbox is not in sync with the Podfile.lock. Run 'pod install' or update your CocoaPods installation.\" >&2\n    exit 1\nfi\n# This output is used by Xcode 'outputs' to avoid re-running this script phase.\necho \"SUCCESS\" > \"${SCRIPT_OUTPUT_FILE_0}\"\n";
			showEnvVarsInLog = 0;
		};
/* End PBXShellScriptBuildPhase section */

/* Begin PBXSourcesBuildPhase section */
		AAB7DBE6277049A300DA9C0B /* Sources */ = {
			isa = PBXSourcesBuildPhase;
			buildActionMask = 2147483647;
			files = (
				AAB7DC4827705A2500DA9C0B /* HomeRepository.swift in Sources */,
				AAB7DC8C277080EC00DA9C0B /* String+Extension.swift in Sources */,
				AAB7DC4C27705A2500DA9C0B /* HomeResponse.swift in Sources */,
				AAB7DBF2277049A300DA9C0B /* ViewController.swift in Sources */,
				AAB7DC5027705A2500DA9C0B /* HomeService.swift in Sources */,
				AAB7DC5127705A2500DA9C0B /* NetworkHelper.swift in Sources */,
				AAB7DC8927707C2B00DA9C0B /* DataViewModel.swift in Sources */,
				AAB7DC2227704D6C00DA9C0B /* TableViewCell.swift in Sources */,
				AAB7DBEE277049A300DA9C0B /* AppDelegate.swift in Sources */,
				AAB7DBF0277049A300DA9C0B /* SceneDelegate.swift in Sources */,
				AAB7DC872770652A00DA9C0B /* GetDataUseCase.swift in Sources */,
			);
			runOnlyForDeploymentPostprocessing = 0;
		};
		AAB7DBFC277049A800DA9C0B /* Sources */ = {
			isa = PBXSourcesBuildPhase;
			buildActionMask = 2147483647;
			files = (
				AAB7DC7527705AA500DA9C0B /* SpyURLSession.swift in Sources */,
				AAB7DC262770516800DA9C0B /* ViewControllerTests.swift in Sources */,
				AAB7DC8427705AA500DA9C0B /* LoginServiceTests.swift in Sources */,
				AAB7DC05277049A800DA9C0B /* simple_iOSTests.swift in Sources */,
				AAB7DC7E27705AA500DA9C0B /* NetworkHelperTests.swift in Sources */,
				AAB7DC7D27705AA500DA9C0B /* MockNetworkHome.swift in Sources */,
			);
			runOnlyForDeploymentPostprocessing = 0;
		};
/* End PBXSourcesBuildPhase section */

/* Begin PBXTargetDependency section */
		AAB7DC02277049A800DA9C0B /* PBXTargetDependency */ = {
			isa = PBXTargetDependency;
			target = AAB7DBE9277049A300DA9C0B /* simple-iOS */;
			targetProxy = AAB7DC01277049A800DA9C0B /* PBXContainerItemProxy */;
		};
/* End PBXTargetDependency section */

/* Begin PBXVariantGroup section */
		AAB7DBF3277049A300DA9C0B /* Main.storyboard */ = {
			isa = PBXVariantGroup;
			children = (
				AAB7DBF4277049A300DA9C0B /* Base */,
			);
			name = Main.storyboard;
			sourceTree = "<group>";
		};
		AAB7DBF8277049A800DA9C0B /* LaunchScreen.storyboard */ = {
			isa = PBXVariantGroup;
			children = (
				AAB7DBF9277049A800DA9C0B /* Base */,
			);
			name = LaunchScreen.storyboard;
			sourceTree = "<group>";
		};
/* End PBXVariantGroup section */

/* Begin XCBuildConfiguration section */
		AAB7DC12277049A800DA9C0B /* Debug */ = {
			isa = XCBuildConfiguration;
			buildSettings = {
				ALWAYS_SEARCH_USER_PATHS = NO;
				CLANG_ANALYZER_NONNULL = YES;
				CLANG_ANALYZER_NUMBER_OBJECT_CONVERSION = YES_AGGRESSIVE;
				CLANG_CXX_LANGUAGE_STANDARD = "gnu++17";
				CLANG_CXX_LIBRARY = "libc++";
				CLANG_ENABLE_MODULES = YES;
				CLANG_ENABLE_OBJC_ARC = YES;
				CLANG_ENABLE_OBJC_WEAK = YES;
				CLANG_WARN_BLOCK_CAPTURE_AUTORELEASING = YES;
				CLANG_WARN_BOOL_CONVERSION = YES;
				CLANG_WARN_COMMA = YES;
				CLANG_WARN_CONSTANT_CONVERSION = YES;
				CLANG_WARN_DEPRECATED_OBJC_IMPLEMENTATIONS = YES;
				CLANG_WARN_DIRECT_OBJC_ISA_USAGE = YES_ERROR;
				CLANG_WARN_DOCUMENTATION_COMMENTS = YES;
				CLANG_WARN_EMPTY_BODY = YES;
				CLANG_WARN_ENUM_CONVERSION = YES;
				CLANG_WARN_INFINITE_RECURSION = YES;
				CLANG_WARN_INT_CONVERSION = YES;
				CLANG_WARN_NON_LITERAL_NULL_CONVERSION = YES;
				CLANG_WARN_OBJC_IMPLICIT_RETAIN_SELF = YES;
				CLANG_WARN_OBJC_LITERAL_CONVERSION = YES;
				CLANG_WARN_OBJC_ROOT_CLASS = YES_ERROR;
				CLANG_WARN_QUOTED_INCLUDE_IN_FRAMEWORK_HEADER = YES;
				CLANG_WARN_RANGE_LOOP_ANALYSIS = YES;
				CLANG_WARN_STRICT_PROTOTYPES = YES;
				CLANG_WARN_SUSPICIOUS_MOVE = YES;
				CLANG_WARN_UNGUARDED_AVAILABILITY = YES_AGGRESSIVE;
				CLANG_WARN_UNREACHABLE_CODE = YES;
				CLANG_WARN__DUPLICATE_METHOD_MATCH = YES;
				COPY_PHASE_STRIP = NO;
				DEBUG_INFORMATION_FORMAT = dwarf;
				ENABLE_STRICT_OBJC_MSGSEND = YES;
				ENABLE_TESTABILITY = YES;
				GCC_C_LANGUAGE_STANDARD = gnu11;
				GCC_DYNAMIC_NO_PIC = NO;
				GCC_NO_COMMON_BLOCKS = YES;
				GCC_OPTIMIZATION_LEVEL = 0;
				GCC_PREPROCESSOR_DEFINITIONS = (
					"DEBUG=1",
					"$(inherited)",
				);
				GCC_WARN_64_TO_32_BIT_CONVERSION = YES;
				GCC_WARN_ABOUT_RETURN_TYPE = YES_ERROR;
				GCC_WARN_UNDECLARED_SELECTOR = YES;
				GCC_WARN_UNINITIALIZED_AUTOS = YES_AGGRESSIVE;
				GCC_WARN_UNUSED_FUNCTION = YES;
				GCC_WARN_UNUSED_VARIABLE = YES;
				IPHONEOS_DEPLOYMENT_TARGET = 15.0;
				MTL_ENABLE_DEBUG_INFO = INCLUDE_SOURCE;
				MTL_FAST_MATH = YES;
				ONLY_ACTIVE_ARCH = YES;
				SDKROOT = iphoneos;
				SWIFT_ACTIVE_COMPILATION_CONDITIONS = DEBUG;
				SWIFT_OPTIMIZATION_LEVEL = "-Onone";
			};
			name = Debug;
		};
		AAB7DC13277049A800DA9C0B /* Release */ = {
			isa = XCBuildConfiguration;
			buildSettings = {
				ALWAYS_SEARCH_USER_PATHS = NO;
				CLANG_ANALYZER_NONNULL = YES;
				CLANG_ANALYZER_NUMBER_OBJECT_CONVERSION = YES_AGGRESSIVE;
				CLANG_CXX_LANGUAGE_STANDARD = "gnu++17";
				CLANG_CXX_LIBRARY = "libc++";
				CLANG_ENABLE_MODULES = YES;
				CLANG_ENABLE_OBJC_ARC = YES;
				CLANG_ENABLE_OBJC_WEAK = YES;
				CLANG_WARN_BLOCK_CAPTURE_AUTORELEASING = YES;
				CLANG_WARN_BOOL_CONVERSION = YES;
				CLANG_WARN_COMMA = YES;
				CLANG_WARN_CONSTANT_CONVERSION = YES;
				CLANG_WARN_DEPRECATED_OBJC_IMPLEMENTATIONS = YES;
				CLANG_WARN_DIRECT_OBJC_ISA_USAGE = YES_ERROR;
				CLANG_WARN_DOCUMENTATION_COMMENTS = YES;
				CLANG_WARN_EMPTY_BODY = YES;
				CLANG_WARN_ENUM_CONVERSION = YES;
				CLANG_WARN_INFINITE_RECURSION = YES;
				CLANG_WARN_INT_CONVERSION = YES;
				CLANG_WARN_NON_LITERAL_NULL_CONVERSION = YES;
				CLANG_WARN_OBJC_IMPLICIT_RETAIN_SELF = YES;
				CLANG_WARN_OBJC_LITERAL_CONVERSION = YES;
				CLANG_WARN_OBJC_ROOT_CLASS = YES_ERROR;
				CLANG_WARN_QUOTED_INCLUDE_IN_FRAMEWORK_HEADER = YES;
				CLANG_WARN_RANGE_LOOP_ANALYSIS = YES;
				CLANG_WARN_STRICT_PROTOTYPES = YES;
				CLANG_WARN_SUSPICIOUS_MOVE = YES;
				CLANG_WARN_UNGUARDED_AVAILABILITY = YES_AGGRESSIVE;
				CLANG_WARN_UNREACHABLE_CODE = YES;
				CLANG_WARN__DUPLICATE_METHOD_MATCH = YES;
				COPY_PHASE_STRIP = NO;
				DEBUG_INFORMATION_FORMAT = "dwarf-with-dsym";
				ENABLE_NS_ASSERTIONS = NO;
				ENABLE_STRICT_OBJC_MSGSEND = YES;
				GCC_C_LANGUAGE_STANDARD = gnu11;
				GCC_NO_COMMON_BLOCKS = YES;
				GCC_WARN_64_TO_32_BIT_CONVERSION = YES;
				GCC_WARN_ABOUT_RETURN_TYPE = YES_ERROR;
				GCC_WARN_UNDECLARED_SELECTOR = YES;
				GCC_WARN_UNINITIALIZED_AUTOS = YES_AGGRESSIVE;
				GCC_WARN_UNUSED_FUNCTION = YES;
				GCC_WARN_UNUSED_VARIABLE = YES;
				IPHONEOS_DEPLOYMENT_TARGET = 15.0;
				MTL_ENABLE_DEBUG_INFO = NO;
				MTL_FAST_MATH = YES;
				SDKROOT = iphoneos;
				SWIFT_COMPILATION_MODE = wholemodule;
				SWIFT_OPTIMIZATION_LEVEL = "-O";
				VALIDATE_PRODUCT = YES;
			};
			name = Release;
		};
		AAB7DC15277049A800DA9C0B /* Debug */ = {
			isa = XCBuildConfiguration;
			baseConfigurationReference = 053497976BFB6B79C848A47D /* Pods-simple-iOS.debug.xcconfig */;
			buildSettings = {
				ASSETCATALOG_COMPILER_APPICON_NAME = AppIcon;
				ASSETCATALOG_COMPILER_GLOBAL_ACCENT_COLOR_NAME = AccentColor;
				CODE_SIGN_STYLE = Automatic;
				CURRENT_PROJECT_VERSION = 1;
				GENERATE_INFOPLIST_FILE = YES;
				INFOPLIST_FILE = "simple-iOS/Info/Info.plist";
				INFOPLIST_KEY_UIApplicationSupportsIndirectInputEvents = YES;
				INFOPLIST_KEY_UILaunchStoryboardName = LaunchScreen;
				INFOPLIST_KEY_UIMainStoryboardFile = Main;
				INFOPLIST_KEY_UISupportedInterfaceOrientations_iPad = "UIInterfaceOrientationPortrait UIInterfaceOrientationPortraitUpsideDown UIInterfaceOrientationLandscapeLeft UIInterfaceOrientationLandscapeRight";
				INFOPLIST_KEY_UISupportedInterfaceOrientations_iPhone = "UIInterfaceOrientationPortrait UIInterfaceOrientationLandscapeLeft UIInterfaceOrientationLandscapeRight";
				LD_RUNPATH_SEARCH_PATHS = (
					"$(inherited)",
					"@executable_path/Frameworks",
				);
				MARKETING_VERSION = 1.0;
				PRODUCT_BUNDLE_IDENTIFIER = "com.tommyputranto.simple-iOS";
				PRODUCT_NAME = "$(TARGET_NAME)";
				SWIFT_EMIT_LOC_STRINGS = YES;
				SWIFT_VERSION = 5.0;
				TARGETED_DEVICE_FAMILY = "1,2";
			};
			name = Debug;
		};
		AAB7DC16277049A800DA9C0B /* Release */ = {
			isa = XCBuildConfiguration;
			baseConfigurationReference = 0E170248745CB77B97B0E888 /* Pods-simple-iOS.release.xcconfig */;
			buildSettings = {
				ASSETCATALOG_COMPILER_APPICON_NAME = AppIcon;
				ASSETCATALOG_COMPILER_GLOBAL_ACCENT_COLOR_NAME = AccentColor;
				CODE_SIGN_STYLE = Automatic;
				CURRENT_PROJECT_VERSION = 1;
				GENERATE_INFOPLIST_FILE = YES;
				INFOPLIST_FILE = "simple-iOS/Info/Info.plist";
				INFOPLIST_KEY_UIApplicationSupportsIndirectInputEvents = YES;
				INFOPLIST_KEY_UILaunchStoryboardName = LaunchScreen;
				INFOPLIST_KEY_UIMainStoryboardFile = Main;
				INFOPLIST_KEY_UISupportedInterfaceOrientations_iPad = "UIInterfaceOrientationPortrait UIInterfaceOrientationPortraitUpsideDown UIInterfaceOrientationLandscapeLeft UIInterfaceOrientationLandscapeRight";
				INFOPLIST_KEY_UISupportedInterfaceOrientations_iPhone = "UIInterfaceOrientationPortrait UIInterfaceOrientationLandscapeLeft UIInterfaceOrientationLandscapeRight";
				LD_RUNPATH_SEARCH_PATHS = (
					"$(inherited)",
					"@executable_path/Frameworks",
				);
				MARKETING_VERSION = 1.0;
				PRODUCT_BUNDLE_IDENTIFIER = "com.tommyputranto.simple-iOS";
				PRODUCT_NAME = "$(TARGET_NAME)";
				SWIFT_EMIT_LOC_STRINGS = YES;
				SWIFT_VERSION = 5.0;
				TARGETED_DEVICE_FAMILY = "1,2";
			};
			name = Release;
		};
		AAB7DC18277049A800DA9C0B /* Debug */ = {
			isa = XCBuildConfiguration;
			baseConfigurationReference = 84026C88D01B96073B0A6810 /* Pods-simple-iOSTests.debug.xcconfig */;
			buildSettings = {
				ALWAYS_EMBED_SWIFT_STANDARD_LIBRARIES = YES;
				BUNDLE_LOADER = "$(TEST_HOST)";
				CODE_SIGN_STYLE = Automatic;
				CURRENT_PROJECT_VERSION = 1;
				GENERATE_INFOPLIST_FILE = YES;
				IPHONEOS_DEPLOYMENT_TARGET = 15.0;
				LD_RUNPATH_SEARCH_PATHS = (
					"$(inherited)",
					"@executable_path/Frameworks",
					"@loader_path/Frameworks",
				);
				MARKETING_VERSION = 1.0;
				PRODUCT_BUNDLE_IDENTIFIER = "com.tommyputranto.simple-iOSTests";
				PRODUCT_NAME = "$(TARGET_NAME)";
				SWIFT_EMIT_LOC_STRINGS = NO;
				SWIFT_VERSION = 5.0;
				TARGETED_DEVICE_FAMILY = "1,2";
				TEST_HOST = "$(BUILT_PRODUCTS_DIR)/simple-iOS.app/simple-iOS";
			};
			name = Debug;
		};
		AAB7DC19277049A800DA9C0B /* Release */ = {
			isa = XCBuildConfiguration;
			baseConfigurationReference = 1EA21B57E5784DCDF344FFEB /* Pods-simple-iOSTests.release.xcconfig */;
			buildSettings = {
				ALWAYS_EMBED_SWIFT_STANDARD_LIBRARIES = YES;
				BUNDLE_LOADER = "$(TEST_HOST)";
				CODE_SIGN_STYLE = Automatic;
				CURRENT_PROJECT_VERSION = 1;
				GENERATE_INFOPLIST_FILE = YES;
				IPHONEOS_DEPLOYMENT_TARGET = 15.0;
				LD_RUNPATH_SEARCH_PATHS = (
					"$(inherited)",
					"@executable_path/Frameworks",
					"@loader_path/Frameworks",
				);
				MARKETING_VERSION = 1.0;
				PRODUCT_BUNDLE_IDENTIFIER = "com.tommyputranto.simple-iOSTests";
				PRODUCT_NAME = "$(TARGET_NAME)";
				SWIFT_EMIT_LOC_STRINGS = NO;
				SWIFT_VERSION = 5.0;
				TARGETED_DEVICE_FAMILY = "1,2";
				TEST_HOST = "$(BUILT_PRODUCTS_DIR)/simple-iOS.app/simple-iOS";
			};
			name = Release;
		};
/* End XCBuildConfiguration section */

/* Begin XCConfigurationList section */
		AAB7DBE5277049A300DA9C0B /* Build configuration list for PBXProject "simple-iOS" */ = {
			isa = XCConfigurationList;
			buildConfigurations = (
				AAB7DC12277049A800DA9C0B /* Debug */,
				AAB7DC13277049A800DA9C0B /* Release */,
			);
			defaultConfigurationIsVisible = 0;
			defaultConfigurationName = Release;
		};
		AAB7DC14277049A800DA9C0B /* Build configuration list for PBXNativeTarget "simple-iOS" */ = {
			isa = XCConfigurationList;
			buildConfigurations = (
				AAB7DC15277049A800DA9C0B /* Debug */,
				AAB7DC16277049A800DA9C0B /* Release */,
			);
			defaultConfigurationIsVisible = 0;
			defaultConfigurationName = Release;
		};
		AAB7DC17277049A800DA9C0B /* Build configuration list for PBXNativeTarget "simple-iOSTests" */ = {
			isa = XCConfigurationList;
			buildConfigurations = (
				AAB7DC18277049A800DA9C0B /* Debug */,
				AAB7DC19277049A800DA9C0B /* Release */,
			);
			defaultConfigurationIsVisible = 0;
			defaultConfigurationName = Release;
		};
/* End XCConfigurationList section */
	};
	rootObject = AAB7DBE2277049A300DA9C0B /* Project object */;
}
